
Microsoft Visual Studio Solution File, Format Version 12.00
# Visual Studio 15
VisualStudioVersion = 15.0.26730.16
MinimumVisualStudioVersion = 10.0.40219.1
Project("{9A19103F-16F7-4668-BE54-9A1E7A4F7556}") = "01.EvenNumbersTread", "01.EvenNumbersTread\01.EvenNumbersTread.csproj", "{0B4304DE-390B-4806-BDC9-7103D2A570E8}"
EndProject
Project("{9A19103F-16F7-4668-BE54-9A1E7A4F7556}") = "02.SliceFile", "02.SliceFile\02.SliceFile.csproj", "{A88D44FC-C402-4AEF-87D7-4BF4D1E4AF38}"
EndProject
Project("{FAE04EC0-301F-11D3-BF4B-00C04F79EFBC}") = "SimpleWebServer", "SimpleWebServer\SimpleWebServer.csproj", "{0C783552-182C-4819-BC37-0498EB722491}"
EndProject
Global
	GlobalSection(SolutionConfigurationPlatforms) = preSolution
		Debug|Any CPU = Debug|Any CPU
		Release|Any CPU = Release|Any CPU
	EndGlobalSection
	GlobalSection(ProjectConfigurationPlatforms) = postSolution
		{0B4304DE-390B-4806-BDC9-7103D2A570E8}.Debug|Any CPU.ActiveCfg = Debug|Any CPU
		{0B4304DE-390B-4806-BDC9-7103D2A570E8}.Debug|Any CPU.Build.0 = Debug|Any CPU
		{0B4304DE-390B-4806-BDC9-7103D2A570E8}.Release|Any CPU.ActiveCfg = Release|Any CPU
		{0B4304DE-390B-4806-BDC9-7103D2A570E8}.Release|Any CPU.Build.0 = Release|Any CPU
		{A88D44FC-C402-4AEF-87D7-4BF4D1E4AF38}.Debug|Any CPU.ActiveCfg = Debug|Any CPU
		{A88D44FC-C402-4AEF-87D7-4BF4D1E4AF38}.Debug|Any CPU.Build.0 = Debug|Any CPU
		{A88D44FC-C402-4AEF-87D7-4BF4D1E4AF38}.Release|Any CPU.ActiveCfg = Release|Any CPU
		{A88D44FC-C402-4AEF-87D7-4BF4D1E4AF38}.Release|Any CPU.Build.0 = Release|Any CPU
		{0C783552-182C-4819-BC37-0498EB722491}.Debug|Any CPU.ActiveCfg = Debug|Any CPU
		{0C783552-182C-4819-BC37-0498EB722491}.Debug|Any CPU.Build.0 = Debug|Any CPU
		{0C783552-182C-4819-BC37-0498EB722491}.Release|Any CPU.ActiveCfg = Release|Any CPU
		{0C783552-182C-4819-BC37-0498EB722491}.Release|Any CPU.Build.0 = Release|Any CPU
	EndGlobalSection
	GlobalSection(SolutionProperties) = preSolution
		HideSolutionNode = FALSE
	EndGlobalSection
	GlobalSection(ExtensibilityGlobals) = postSolution
		SolutionGuid = {DB241CCC-606E-4E52-A7FE-FB49F35675EB}
	EndGlobalSection
EndGlobal
