
Microsoft Visual Studio Solution File, Format Version 12.00
# Visual Studio 15
VisualStudioVersion = 15.0.26730.16
MinimumVisualStudioVersion = 10.0.40219.1
Project("{FAE04EC0-301F-11D3-BF4B-00C04F79EFBC}") = "WebApplication1", "WebApplication1\WebApplication1.csproj", "{5CDD37BC-A5FA-459B-8946-13C13B402275}"
EndProject
Global
	GlobalSection(SolutionConfigurationPlatforms) = preSolution
		Debug|Any CPU = Debug|Any CPU
		Release|Any CPU = Release|Any CPU
	EndGlobalSection
	GlobalSection(ProjectConfigurationPlatforms) = postSolution
		{5CDD37BC-A5FA-459B-8946-13C13B402275}.Debug|Any CPU.ActiveCfg = Debug|Any CPU
		{5CDD37BC-A5FA-459B-8946-13C13B402275}.Debug|Any CPU.Build.0 = Debug|Any CPU
		{5CDD37BC-A5FA-459B-8946-13C13B402275}.Release|Any CPU.ActiveCfg = Release|Any CPU
		{5CDD37BC-A5FA-459B-8946-13C13B402275}.Release|Any CPU.Build.0 = Release|Any CPU
	EndGlobalSection
	GlobalSection(SolutionProperties) = preSolution
		HideSolutionNode = FALSE
	EndGlobalSection
	GlobalSection(ExtensibilityGlobals) = postSolution
		SolutionGuid = {6DECFD48-2D78-4066-90CD-26F7B1301945}
	EndGlobalSection
EndGlobal
