
Microsoft Visual Studio Solution File, Format Version 12.00
# Visual Studio 15
VisualStudioVersion = 15.0.26730.16
MinimumVisualStudioVersion = 10.0.40219.1
Project("{FAE04EC0-301F-11D3-BF4B-00C04F79EFBC}") = "WebServer", "WebServer\WebServer.csproj", "{966D90F3-E379-40E1-B64F-B7D3EC2FA348}"
EndProject
Global
	GlobalSection(SolutionConfigurationPlatforms) = preSolution
		Debug|Any CPU = Debug|Any CPU
		Release|Any CPU = Release|Any CPU
	EndGlobalSection
	GlobalSection(ProjectConfigurationPlatforms) = postSolution
		{966D90F3-E379-40E1-B64F-B7D3EC2FA348}.Debug|Any CPU.ActiveCfg = Debug|Any CPU
		{966D90F3-E379-40E1-B64F-B7D3EC2FA348}.Debug|Any CPU.Build.0 = Debug|Any CPU
		{966D90F3-E379-40E1-B64F-B7D3EC2FA348}.Release|Any CPU.ActiveCfg = Release|Any CPU
		{966D90F3-E379-40E1-B64F-B7D3EC2FA348}.Release|Any CPU.Build.0 = Release|Any CPU
	EndGlobalSection
	GlobalSection(SolutionProperties) = preSolution
		HideSolutionNode = FALSE
	EndGlobalSection
	GlobalSection(ExtensibilityGlobals) = postSolution
		SolutionGuid = {2E86E52A-8F9F-4B9F-A1FF-CBA258251604}
	EndGlobalSection
EndGlobal
