
Microsoft Visual Studio Solution File, Format Version 12.00
# Visual Studio 15
VisualStudioVersion = 15.0.27004.2005
MinimumVisualStudioVersion = 10.0.40219.1
Project("{9A19103F-16F7-4668-BE54-9A1E7A4F7556}") = "SimpleMvc.Framework", "SimpleMvc.Framework\SimpleMvc.Framework.csproj", "{553B09AD-516E-4D37-9273-8A43E504645F}"
EndProject
Project("{9A19103F-16F7-4668-BE54-9A1E7A4F7556}") = "WebServer", "WebServer\WebServer.csproj", "{3F307C35-6EEC-4510-94D8-3E147B4D3EFC}"
EndProject
Project("{9A19103F-16F7-4668-BE54-9A1E7A4F7556}") = "ExamApp.Data", "ExamApp.Data\ExamApp.Data.csproj", "{C875AAE8-4EEA-4620-A28E-AA8415F22FBA}"
EndProject
Project("{9A19103F-16F7-4668-BE54-9A1E7A4F7556}") = "ExamApp.Service", "ExamApp.Service\ExamApp.Service.csproj", "{DB75E6B1-C6CE-484A-A555-0E9D121CA2FB}"
EndProject
Project("{9A19103F-16F7-4668-BE54-9A1E7A4F7556}") = "ExamApp.Web", "ExamApp.Web\ExamApp.Web.csproj", "{A11A2AB6-6438-40B5-A1E6-DF47D15D1279}"
EndProject
Global
	GlobalSection(SolutionConfigurationPlatforms) = preSolution
		Debug|Any CPU = Debug|Any CPU
		Release|Any CPU = Release|Any CPU
	EndGlobalSection
	GlobalSection(ProjectConfigurationPlatforms) = postSolution
		{553B09AD-516E-4D37-9273-8A43E504645F}.Debug|Any CPU.ActiveCfg = Debug|Any CPU
		{553B09AD-516E-4D37-9273-8A43E504645F}.Debug|Any CPU.Build.0 = Debug|Any CPU
		{553B09AD-516E-4D37-9273-8A43E504645F}.Release|Any CPU.ActiveCfg = Release|Any CPU
		{553B09AD-516E-4D37-9273-8A43E504645F}.Release|Any CPU.Build.0 = Release|Any CPU
		{3F307C35-6EEC-4510-94D8-3E147B4D3EFC}.Debug|Any CPU.ActiveCfg = Debug|Any CPU
		{3F307C35-6EEC-4510-94D8-3E147B4D3EFC}.Debug|Any CPU.Build.0 = Debug|Any CPU
		{3F307C35-6EEC-4510-94D8-3E147B4D3EFC}.Release|Any CPU.ActiveCfg = Release|Any CPU
		{3F307C35-6EEC-4510-94D8-3E147B4D3EFC}.Release|Any CPU.Build.0 = Release|Any CPU
		{C875AAE8-4EEA-4620-A28E-AA8415F22FBA}.Debug|Any CPU.ActiveCfg = Debug|Any CPU
		{C875AAE8-4EEA-4620-A28E-AA8415F22FBA}.Debug|Any CPU.Build.0 = Debug|Any CPU
		{C875AAE8-4EEA-4620-A28E-AA8415F22FBA}.Release|Any CPU.ActiveCfg = Release|Any CPU
		{C875AAE8-4EEA-4620-A28E-AA8415F22FBA}.Release|Any CPU.Build.0 = Release|Any CPU
		{DB75E6B1-C6CE-484A-A555-0E9D121CA2FB}.Debug|Any CPU.ActiveCfg = Debug|Any CPU
		{DB75E6B1-C6CE-484A-A555-0E9D121CA2FB}.Debug|Any CPU.Build.0 = Debug|Any CPU
		{DB75E6B1-C6CE-484A-A555-0E9D121CA2FB}.Release|Any CPU.ActiveCfg = Release|Any CPU
		{DB75E6B1-C6CE-484A-A555-0E9D121CA2FB}.Release|Any CPU.Build.0 = Release|Any CPU
		{A11A2AB6-6438-40B5-A1E6-DF47D15D1279}.Debug|Any CPU.ActiveCfg = Debug|Any CPU
		{A11A2AB6-6438-40B5-A1E6-DF47D15D1279}.Debug|Any CPU.Build.0 = Debug|Any CPU
		{A11A2AB6-6438-40B5-A1E6-DF47D15D1279}.Release|Any CPU.ActiveCfg = Release|Any CPU
		{A11A2AB6-6438-40B5-A1E6-DF47D15D1279}.Release|Any CPU.Build.0 = Release|Any CPU
	EndGlobalSection
	GlobalSection(SolutionProperties) = preSolution
		HideSolutionNode = FALSE
	EndGlobalSection
	GlobalSection(ExtensibilityGlobals) = postSolution
		SolutionGuid = {5C5BD889-BABF-4BA8-B08C-688972EAF7B9}
	EndGlobalSection
EndGlobal
